
Microsoft Visual Studio Solution File, Format Version 12.00
# Visual Studio 15
VisualStudioVersion = 15.0.26124.0
MinimumVisualStudioVersion = 15.0.26124.0
Project("{F2A71F9B-5D33-465A-A702-920D77279786}") = "Day11", "Day11\Day11.fsproj", "{A0295016-6E69-47B0-BEEF-D014D0F46FE0}"
EndProject
Project("{F2A71F9B-5D33-465A-A702-920D77279786}") = "Day13", "Day13\Day13.fsproj", "{2B28C1D5-A00D-4F85-AD87-8EBE15500BE5}"
EndProject
Project("{F2A71F9B-5D33-465A-A702-920D77279786}") = "Day14", "Day14\Day14.fsproj", "{64A3D80B-A7B0-4B21-806A-CE9F0E09BB3E}"
EndProject
Global
	GlobalSection(SolutionConfigurationPlatforms) = preSolution
		Debug|Any CPU = Debug|Any CPU
		Debug|x64 = Debug|x64
		Debug|x86 = Debug|x86
		Release|Any CPU = Release|Any CPU
		Release|x64 = Release|x64
		Release|x86 = Release|x86
	EndGlobalSection
	GlobalSection(SolutionProperties) = preSolution
		HideSolutionNode = FALSE
	EndGlobalSection
	GlobalSection(ProjectConfigurationPlatforms) = postSolution
		{A0295016-6E69-47B0-BEEF-D014D0F46FE0}.Debug|Any CPU.ActiveCfg = Debug|Any CPU
		{A0295016-6E69-47B0-BEEF-D014D0F46FE0}.Debug|Any CPU.Build.0 = Debug|Any CPU
		{A0295016-6E69-47B0-BEEF-D014D0F46FE0}.Debug|x64.ActiveCfg = Debug|Any CPU
		{A0295016-6E69-47B0-BEEF-D014D0F46FE0}.Debug|x64.Build.0 = Debug|Any CPU
		{A0295016-6E69-47B0-BEEF-D014D0F46FE0}.Debug|x86.ActiveCfg = Debug|Any CPU
		{A0295016-6E69-47B0-BEEF-D014D0F46FE0}.Debug|x86.Build.0 = Debug|Any CPU
		{A0295016-6E69-47B0-BEEF-D014D0F46FE0}.Release|Any CPU.ActiveCfg = Release|Any CPU
		{A0295016-6E69-47B0-BEEF-D014D0F46FE0}.Release|Any CPU.Build.0 = Release|Any CPU
		{A0295016-6E69-47B0-BEEF-D014D0F46FE0}.Release|x64.ActiveCfg = Release|Any CPU
		{A0295016-6E69-47B0-BEEF-D014D0F46FE0}.Release|x64.Build.0 = Release|Any CPU
		{A0295016-6E69-47B0-BEEF-D014D0F46FE0}.Release|x86.ActiveCfg = Release|Any CPU
		{A0295016-6E69-47B0-BEEF-D014D0F46FE0}.Release|x86.Build.0 = Release|Any CPU
		{2B28C1D5-A00D-4F85-AD87-8EBE15500BE5}.Debug|Any CPU.ActiveCfg = Debug|Any CPU
		{2B28C1D5-A00D-4F85-AD87-8EBE15500BE5}.Debug|Any CPU.Build.0 = Debug|Any CPU
		{2B28C1D5-A00D-4F85-AD87-8EBE15500BE5}.Debug|x64.ActiveCfg = Debug|Any CPU
		{2B28C1D5-A00D-4F85-AD87-8EBE15500BE5}.Debug|x64.Build.0 = Debug|Any CPU
		{2B28C1D5-A00D-4F85-AD87-8EBE15500BE5}.Debug|x86.ActiveCfg = Debug|Any CPU
		{2B28C1D5-A00D-4F85-AD87-8EBE15500BE5}.Debug|x86.Build.0 = Debug|Any CPU
		{2B28C1D5-A00D-4F85-AD87-8EBE15500BE5}.Release|Any CPU.ActiveCfg = Release|Any CPU
		{2B28C1D5-A00D-4F85-AD87-8EBE15500BE5}.Release|Any CPU.Build.0 = Release|Any CPU
		{2B28C1D5-A00D-4F85-AD87-8EBE15500BE5}.Release|x64.ActiveCfg = Release|Any CPU
		{2B28C1D5-A00D-4F85-AD87-8EBE15500BE5}.Release|x64.Build.0 = Release|Any CPU
		{2B28C1D5-A00D-4F85-AD87-8EBE15500BE5}.Release|x86.ActiveCfg = Release|Any CPU
		{2B28C1D5-A00D-4F85-AD87-8EBE15500BE5}.Release|x86.Build.0 = Release|Any CPU
		{64A3D80B-A7B0-4B21-806A-CE9F0E09BB3E}.Debug|Any CPU.ActiveCfg = Debug|Any CPU
		{64A3D80B-A7B0-4B21-806A-CE9F0E09BB3E}.Debug|Any CPU.Build.0 = Debug|Any CPU
		{64A3D80B-A7B0-4B21-806A-CE9F0E09BB3E}.Debug|x64.ActiveCfg = Debug|Any CPU
		{64A3D80B-A7B0-4B21-806A-CE9F0E09BB3E}.Debug|x64.Build.0 = Debug|Any CPU
		{64A3D80B-A7B0-4B21-806A-CE9F0E09BB3E}.Debug|x86.ActiveCfg = Debug|Any CPU
		{64A3D80B-A7B0-4B21-806A-CE9F0E09BB3E}.Debug|x86.Build.0 = Debug|Any CPU
		{64A3D80B-A7B0-4B21-806A-CE9F0E09BB3E}.Release|Any CPU.ActiveCfg = Release|Any CPU
		{64A3D80B-A7B0-4B21-806A-CE9F0E09BB3E}.Release|Any CPU.Build.0 = Release|Any CPU
		{64A3D80B-A7B0-4B21-806A-CE9F0E09BB3E}.Release|x64.ActiveCfg = Release|Any CPU
		{64A3D80B-A7B0-4B21-806A-CE9F0E09BB3E}.Release|x64.Build.0 = Release|Any CPU
		{64A3D80B-A7B0-4B21-806A-CE9F0E09BB3E}.Release|x86.ActiveCfg = Release|Any CPU
		{64A3D80B-A7B0-4B21-806A-CE9F0E09BB3E}.Release|x86.Build.0 = Release|Any CPU
	EndGlobalSection
EndGlobal
