
Microsoft Visual Studio Solution File, Format Version 12.00
# Visual Studio 15
VisualStudioVersion = 15.0.26124.0
MinimumVisualStudioVersion = 15.0.26124.0
Project("{F2A71F9B-5D33-465A-A702-920D77279786}") = "Day11", "Day11\Day11.fsproj", "{A0295016-6E69-47B0-BEEF-D014D0F46FE0}"
EndProject
Project("{F2A71F9B-5D33-465A-A702-920D77279786}") = "Day13", "Day13\Day13.fsproj", "{2B28C1D5-A00D-4F85-AD87-8EBE15500BE5}"
EndProject
Project("{F2A71F9B-5D33-465A-A702-920D77279786}") = "Day14", "Day14\Day14.fsproj", "{64A3D80B-A7B0-4B21-806A-CE9F0E09BB3E}"
EndProject
Project("{F2A71F9B-5D33-465A-A702-920D77279786}") = "Day15", "Day15\Day15.fsproj", "{4DD4B42B-C814-4DCA-BFCB-2D28ADBCF05F}"
EndProject
Project("{F2A71F9B-5D33-465A-A702-920D77279786}") = "Day16", "Day16\Day16.fsproj", "{586CA5DC-0809-41AA-A921-7E21EAEE1AAE}"
EndProject
Project("{F2A71F9B-5D33-465A-A702-920D77279786}") = "Day17", "Day17\Day17.fsproj", "{491CA669-18EF-4823-9B6E-AA4FE6B81433}"
EndProject
Project("{F2A71F9B-5D33-465A-A702-920D77279786}") = "Day18", "Day18\Day18.fsproj", "{6BE68E36-8337-40BA-878E-672F8929FC03}"
EndProject
Project("{F2A71F9B-5D33-465A-A702-920D77279786}") = "Day19", "Day19\Day19.fsproj", "{A60061A2-140D-472D-A620-2C03C37D325F}"
EndProject
Project("{F2A71F9B-5D33-465A-A702-920D77279786}") = "Day20", "day20\Day20.fsproj", "{55AEC09D-B59D-4E50-841B-E168B1CEDB8D}"
EndProject
Global
	GlobalSection(SolutionConfigurationPlatforms) = preSolution
		Debug|Any CPU = Debug|Any CPU
		Debug|x64 = Debug|x64
		Debug|x86 = Debug|x86
		Release|Any CPU = Release|Any CPU
		Release|x64 = Release|x64
		Release|x86 = Release|x86
	EndGlobalSection
	GlobalSection(SolutionProperties) = preSolution
		HideSolutionNode = FALSE
	EndGlobalSection
	GlobalSection(ProjectConfigurationPlatforms) = postSolution
		{A0295016-6E69-47B0-BEEF-D014D0F46FE0}.Debug|Any CPU.ActiveCfg = Debug|Any CPU
		{A0295016-6E69-47B0-BEEF-D014D0F46FE0}.Debug|Any CPU.Build.0 = Debug|Any CPU
		{A0295016-6E69-47B0-BEEF-D014D0F46FE0}.Debug|x64.ActiveCfg = Debug|Any CPU
		{A0295016-6E69-47B0-BEEF-D014D0F46FE0}.Debug|x64.Build.0 = Debug|Any CPU
		{A0295016-6E69-47B0-BEEF-D014D0F46FE0}.Debug|x86.ActiveCfg = Debug|Any CPU
		{A0295016-6E69-47B0-BEEF-D014D0F46FE0}.Debug|x86.Build.0 = Debug|Any CPU
		{A0295016-6E69-47B0-BEEF-D014D0F46FE0}.Release|Any CPU.ActiveCfg = Release|Any CPU
		{A0295016-6E69-47B0-BEEF-D014D0F46FE0}.Release|Any CPU.Build.0 = Release|Any CPU
		{A0295016-6E69-47B0-BEEF-D014D0F46FE0}.Release|x64.ActiveCfg = Release|Any CPU
		{A0295016-6E69-47B0-BEEF-D014D0F46FE0}.Release|x64.Build.0 = Release|Any CPU
		{A0295016-6E69-47B0-BEEF-D014D0F46FE0}.Release|x86.ActiveCfg = Release|Any CPU
		{A0295016-6E69-47B0-BEEF-D014D0F46FE0}.Release|x86.Build.0 = Release|Any CPU
		{2B28C1D5-A00D-4F85-AD87-8EBE15500BE5}.Debug|Any CPU.ActiveCfg = Debug|Any CPU
		{2B28C1D5-A00D-4F85-AD87-8EBE15500BE5}.Debug|Any CPU.Build.0 = Debug|Any CPU
		{2B28C1D5-A00D-4F85-AD87-8EBE15500BE5}.Debug|x64.ActiveCfg = Debug|Any CPU
		{2B28C1D5-A00D-4F85-AD87-8EBE15500BE5}.Debug|x64.Build.0 = Debug|Any CPU
		{2B28C1D5-A00D-4F85-AD87-8EBE15500BE5}.Debug|x86.ActiveCfg = Debug|Any CPU
		{2B28C1D5-A00D-4F85-AD87-8EBE15500BE5}.Debug|x86.Build.0 = Debug|Any CPU
		{2B28C1D5-A00D-4F85-AD87-8EBE15500BE5}.Release|Any CPU.ActiveCfg = Release|Any CPU
		{2B28C1D5-A00D-4F85-AD87-8EBE15500BE5}.Release|Any CPU.Build.0 = Release|Any CPU
		{2B28C1D5-A00D-4F85-AD87-8EBE15500BE5}.Release|x64.ActiveCfg = Release|Any CPU
		{2B28C1D5-A00D-4F85-AD87-8EBE15500BE5}.Release|x64.Build.0 = Release|Any CPU
		{2B28C1D5-A00D-4F85-AD87-8EBE15500BE5}.Release|x86.ActiveCfg = Release|Any CPU
		{2B28C1D5-A00D-4F85-AD87-8EBE15500BE5}.Release|x86.Build.0 = Release|Any CPU
		{64A3D80B-A7B0-4B21-806A-CE9F0E09BB3E}.Debug|Any CPU.ActiveCfg = Debug|Any CPU
		{64A3D80B-A7B0-4B21-806A-CE9F0E09BB3E}.Debug|Any CPU.Build.0 = Debug|Any CPU
		{64A3D80B-A7B0-4B21-806A-CE9F0E09BB3E}.Debug|x64.ActiveCfg = Debug|Any CPU
		{64A3D80B-A7B0-4B21-806A-CE9F0E09BB3E}.Debug|x64.Build.0 = Debug|Any CPU
		{64A3D80B-A7B0-4B21-806A-CE9F0E09BB3E}.Debug|x86.ActiveCfg = Debug|Any CPU
		{64A3D80B-A7B0-4B21-806A-CE9F0E09BB3E}.Debug|x86.Build.0 = Debug|Any CPU
		{64A3D80B-A7B0-4B21-806A-CE9F0E09BB3E}.Release|Any CPU.ActiveCfg = Release|Any CPU
		{64A3D80B-A7B0-4B21-806A-CE9F0E09BB3E}.Release|Any CPU.Build.0 = Release|Any CPU
		{64A3D80B-A7B0-4B21-806A-CE9F0E09BB3E}.Release|x64.ActiveCfg = Release|Any CPU
		{64A3D80B-A7B0-4B21-806A-CE9F0E09BB3E}.Release|x64.Build.0 = Release|Any CPU
		{64A3D80B-A7B0-4B21-806A-CE9F0E09BB3E}.Release|x86.ActiveCfg = Release|Any CPU
		{64A3D80B-A7B0-4B21-806A-CE9F0E09BB3E}.Release|x86.Build.0 = Release|Any CPU
		{4DD4B42B-C814-4DCA-BFCB-2D28ADBCF05F}.Debug|Any CPU.ActiveCfg = Debug|Any CPU
		{4DD4B42B-C814-4DCA-BFCB-2D28ADBCF05F}.Debug|Any CPU.Build.0 = Debug|Any CPU
		{4DD4B42B-C814-4DCA-BFCB-2D28ADBCF05F}.Debug|x64.ActiveCfg = Debug|Any CPU
		{4DD4B42B-C814-4DCA-BFCB-2D28ADBCF05F}.Debug|x64.Build.0 = Debug|Any CPU
		{4DD4B42B-C814-4DCA-BFCB-2D28ADBCF05F}.Debug|x86.ActiveCfg = Debug|Any CPU
		{4DD4B42B-C814-4DCA-BFCB-2D28ADBCF05F}.Debug|x86.Build.0 = Debug|Any CPU
		{4DD4B42B-C814-4DCA-BFCB-2D28ADBCF05F}.Release|Any CPU.ActiveCfg = Release|Any CPU
		{4DD4B42B-C814-4DCA-BFCB-2D28ADBCF05F}.Release|Any CPU.Build.0 = Release|Any CPU
		{4DD4B42B-C814-4DCA-BFCB-2D28ADBCF05F}.Release|x64.ActiveCfg = Release|Any CPU
		{4DD4B42B-C814-4DCA-BFCB-2D28ADBCF05F}.Release|x64.Build.0 = Release|Any CPU
		{4DD4B42B-C814-4DCA-BFCB-2D28ADBCF05F}.Release|x86.ActiveCfg = Release|Any CPU
		{4DD4B42B-C814-4DCA-BFCB-2D28ADBCF05F}.Release|x86.Build.0 = Release|Any CPU
		{586CA5DC-0809-41AA-A921-7E21EAEE1AAE}.Debug|Any CPU.ActiveCfg = Debug|Any CPU
		{586CA5DC-0809-41AA-A921-7E21EAEE1AAE}.Debug|Any CPU.Build.0 = Debug|Any CPU
		{586CA5DC-0809-41AA-A921-7E21EAEE1AAE}.Debug|x64.ActiveCfg = Debug|Any CPU
		{586CA5DC-0809-41AA-A921-7E21EAEE1AAE}.Debug|x64.Build.0 = Debug|Any CPU
		{586CA5DC-0809-41AA-A921-7E21EAEE1AAE}.Debug|x86.ActiveCfg = Debug|Any CPU
		{586CA5DC-0809-41AA-A921-7E21EAEE1AAE}.Debug|x86.Build.0 = Debug|Any CPU
		{586CA5DC-0809-41AA-A921-7E21EAEE1AAE}.Release|Any CPU.ActiveCfg = Release|Any CPU
		{586CA5DC-0809-41AA-A921-7E21EAEE1AAE}.Release|Any CPU.Build.0 = Release|Any CPU
		{586CA5DC-0809-41AA-A921-7E21EAEE1AAE}.Release|x64.ActiveCfg = Release|Any CPU
		{586CA5DC-0809-41AA-A921-7E21EAEE1AAE}.Release|x64.Build.0 = Release|Any CPU
		{586CA5DC-0809-41AA-A921-7E21EAEE1AAE}.Release|x86.ActiveCfg = Release|Any CPU
		{586CA5DC-0809-41AA-A921-7E21EAEE1AAE}.Release|x86.Build.0 = Release|Any CPU
		{491CA669-18EF-4823-9B6E-AA4FE6B81433}.Debug|Any CPU.ActiveCfg = Debug|Any CPU
		{491CA669-18EF-4823-9B6E-AA4FE6B81433}.Debug|Any CPU.Build.0 = Debug|Any CPU
		{491CA669-18EF-4823-9B6E-AA4FE6B81433}.Debug|x64.ActiveCfg = Debug|Any CPU
		{491CA669-18EF-4823-9B6E-AA4FE6B81433}.Debug|x64.Build.0 = Debug|Any CPU
		{491CA669-18EF-4823-9B6E-AA4FE6B81433}.Debug|x86.ActiveCfg = Debug|Any CPU
		{491CA669-18EF-4823-9B6E-AA4FE6B81433}.Debug|x86.Build.0 = Debug|Any CPU
		{491CA669-18EF-4823-9B6E-AA4FE6B81433}.Release|Any CPU.ActiveCfg = Release|Any CPU
		{491CA669-18EF-4823-9B6E-AA4FE6B81433}.Release|Any CPU.Build.0 = Release|Any CPU
		{491CA669-18EF-4823-9B6E-AA4FE6B81433}.Release|x64.ActiveCfg = Release|Any CPU
		{491CA669-18EF-4823-9B6E-AA4FE6B81433}.Release|x64.Build.0 = Release|Any CPU
		{491CA669-18EF-4823-9B6E-AA4FE6B81433}.Release|x86.ActiveCfg = Release|Any CPU
		{491CA669-18EF-4823-9B6E-AA4FE6B81433}.Release|x86.Build.0 = Release|Any CPU
		{6BE68E36-8337-40BA-878E-672F8929FC03}.Debug|Any CPU.ActiveCfg = Debug|Any CPU
		{6BE68E36-8337-40BA-878E-672F8929FC03}.Debug|Any CPU.Build.0 = Debug|Any CPU
		{6BE68E36-8337-40BA-878E-672F8929FC03}.Debug|x64.ActiveCfg = Debug|Any CPU
		{6BE68E36-8337-40BA-878E-672F8929FC03}.Debug|x64.Build.0 = Debug|Any CPU
		{6BE68E36-8337-40BA-878E-672F8929FC03}.Debug|x86.ActiveCfg = Debug|Any CPU
		{6BE68E36-8337-40BA-878E-672F8929FC03}.Debug|x86.Build.0 = Debug|Any CPU
		{6BE68E36-8337-40BA-878E-672F8929FC03}.Release|Any CPU.ActiveCfg = Release|Any CPU
		{6BE68E36-8337-40BA-878E-672F8929FC03}.Release|Any CPU.Build.0 = Release|Any CPU
		{6BE68E36-8337-40BA-878E-672F8929FC03}.Release|x64.ActiveCfg = Release|Any CPU
		{6BE68E36-8337-40BA-878E-672F8929FC03}.Release|x64.Build.0 = Release|Any CPU
		{6BE68E36-8337-40BA-878E-672F8929FC03}.Release|x86.ActiveCfg = Release|Any CPU
		{6BE68E36-8337-40BA-878E-672F8929FC03}.Release|x86.Build.0 = Release|Any CPU
		{A60061A2-140D-472D-A620-2C03C37D325F}.Debug|Any CPU.ActiveCfg = Debug|Any CPU
		{A60061A2-140D-472D-A620-2C03C37D325F}.Debug|Any CPU.Build.0 = Debug|Any CPU
		{A60061A2-140D-472D-A620-2C03C37D325F}.Debug|x64.ActiveCfg = Debug|Any CPU
		{A60061A2-140D-472D-A620-2C03C37D325F}.Debug|x64.Build.0 = Debug|Any CPU
		{A60061A2-140D-472D-A620-2C03C37D325F}.Debug|x86.ActiveCfg = Debug|Any CPU
		{A60061A2-140D-472D-A620-2C03C37D325F}.Debug|x86.Build.0 = Debug|Any CPU
		{A60061A2-140D-472D-A620-2C03C37D325F}.Release|Any CPU.ActiveCfg = Release|Any CPU
		{A60061A2-140D-472D-A620-2C03C37D325F}.Release|Any CPU.Build.0 = Release|Any CPU
		{A60061A2-140D-472D-A620-2C03C37D325F}.Release|x64.ActiveCfg = Release|Any CPU
		{A60061A2-140D-472D-A620-2C03C37D325F}.Release|x64.Build.0 = Release|Any CPU
		{A60061A2-140D-472D-A620-2C03C37D325F}.Release|x86.ActiveCfg = Release|Any CPU
		{A60061A2-140D-472D-A620-2C03C37D325F}.Release|x86.Build.0 = Release|Any CPU
		{55AEC09D-B59D-4E50-841B-E168B1CEDB8D}.Debug|Any CPU.ActiveCfg = Debug|Any CPU
		{55AEC09D-B59D-4E50-841B-E168B1CEDB8D}.Debug|Any CPU.Build.0 = Debug|Any CPU
		{55AEC09D-B59D-4E50-841B-E168B1CEDB8D}.Debug|x64.ActiveCfg = Debug|Any CPU
		{55AEC09D-B59D-4E50-841B-E168B1CEDB8D}.Debug|x64.Build.0 = Debug|Any CPU
		{55AEC09D-B59D-4E50-841B-E168B1CEDB8D}.Debug|x86.ActiveCfg = Debug|Any CPU
		{55AEC09D-B59D-4E50-841B-E168B1CEDB8D}.Debug|x86.Build.0 = Debug|Any CPU
		{55AEC09D-B59D-4E50-841B-E168B1CEDB8D}.Release|Any CPU.ActiveCfg = Release|Any CPU
		{55AEC09D-B59D-4E50-841B-E168B1CEDB8D}.Release|Any CPU.Build.0 = Release|Any CPU
		{55AEC09D-B59D-4E50-841B-E168B1CEDB8D}.Release|x64.ActiveCfg = Release|Any CPU
		{55AEC09D-B59D-4E50-841B-E168B1CEDB8D}.Release|x64.Build.0 = Release|Any CPU
		{55AEC09D-B59D-4E50-841B-E168B1CEDB8D}.Release|x86.ActiveCfg = Release|Any CPU
		{55AEC09D-B59D-4E50-841B-E168B1CEDB8D}.Release|x86.Build.0 = Release|Any CPU
	EndGlobalSection
EndGlobal
