
Microsoft Visual Studio Solution File, Format Version 12.00
# Visual Studio 15
VisualStudioVersion = 15.0.26124.0
MinimumVisualStudioVersion = 15.0.26124.0
Project("{F2A71F9B-5D33-465A-A702-920D77279786}") = "Day11", "Day11\Day11.fsproj", "{A0295016-6E69-47B0-BEEF-D014D0F46FE0}"
EndProject
Project("{F2A71F9B-5D33-465A-A702-920D77279786}") = "Day13", "Day13\Day13.fsproj", "{2B28C1D5-A00D-4F85-AD87-8EBE15500BE5}"
EndProject
Project("{F2A71F9B-5D33-465A-A702-920D77279786}") = "Day14", "Day14\Day14.fsproj", "{64A3D80B-A7B0-4B21-806A-CE9F0E09BB3E}"
EndProject
Project("{F2A71F9B-5D33-465A-A702-920D77279786}") = "Day15", "Day15\Day15.fsproj", "{4DD4B42B-C814-4DCA-BFCB-2D28ADBCF05F}"
EndProject
Project("{F2A71F9B-5D33-465A-A702-920D77279786}") = "Day16", "Day16\Day16.fsproj", "{586CA5DC-0809-41AA-A921-7E21EAEE1AAE}"
EndProject
Project("{F2A71F9B-5D33-465A-A702-920D77279786}") = "Day17", "Day17\Day17.fsproj", "{491CA669-18EF-4823-9B6E-AA4FE6B81433}"
EndProject
Project("{F2A71F9B-5D33-465A-A702-920D77279786}") = "Day18", "Day18\Day18.fsproj", "{6BE68E36-8337-40BA-878E-672F8929FC03}"
EndProject
Project("{F2A71F9B-5D33-465A-A702-920D77279786}") = "Day19", "Day19\Day19.fsproj", "{A60061A2-140D-472D-A620-2C03C37D325F}"
EndProject
Project("{F2A71F9B-5D33-465A-A702-920D77279786}") = "Day20", "day20\Day20.fsproj", "{55AEC09D-B59D-4E50-841B-E168B1CEDB8D}"
EndProject
Project("{F2A71F9B-5D33-465A-A702-920D77279786}") = "Day22", "Day22\Day22.fsproj", "{FF9681D1-636B-4D57-9546-DC7017CB2E5F}"
EndProject
Project("{F2A71F9B-5D33-465A-A702-920D77279786}") = "Day1", "Day1\Day1.fsproj", "{6B5FBE33-8555-41CD-87A0-678DDF5B71E4}"
EndProject
Project("{F2A71F9B-5D33-465A-A702-920D77279786}") = "Day2", "Day2\Day2.fsproj", "{B114284A-C398-43FD-BA38-9C6D368D73A5}"
EndProject
Project("{F2A71F9B-5D33-465A-A702-920D77279786}") = "Day3", "Day3\Day3.fsproj", "{272DE990-30D5-4210-9C7A-F0816480A4A6}"
EndProject
Project("{F2A71F9B-5D33-465A-A702-920D77279786}") = "Day4", "Day4\Day4.fsproj", "{F27606F2-4DD7-4740-A223-904B8405794A}"
EndProject
Project("{F2A71F9B-5D33-465A-A702-920D77279786}") = "Day5", "Day5\Day5.fsproj", "{A8ED42EF-38B0-4DFE-80C5-7CF9405C1631}"
EndProject
Project("{F2A71F9B-5D33-465A-A702-920D77279786}") = "Day6", "Day6\Day6.fsproj", "{8ACFAB74-6FD4-4D42-AA36-4359C445569A}"
EndProject
Project("{F2A71F9B-5D33-465A-A702-920D77279786}") = "Day7", "Day7\Day7.fsproj", "{03BA9534-2BFB-4054-AEFF-C445BF083E94}"
EndProject
Project("{F2A71F9B-5D33-465A-A702-920D77279786}") = "Day8", "Day8\Day8.fsproj", "{44C3FC05-6119-4CFA-8C85-B9EDD22C823C}"
EndProject
Project("{F2A71F9B-5D33-465A-A702-920D77279786}") = "Day9", "Day9\Day9.fsproj", "{EAE72849-6963-4202-AF1C-815E16E88843}"
EndProject
Project("{F2A71F9B-5D33-465A-A702-920D77279786}") = "Day10", "Day10\Day10.fsproj", "{42CF8233-8B6F-4E1F-92EA-B4F48CDAD6BC}"
EndProject
Project("{F2A71F9B-5D33-465A-A702-920D77279786}") = "Day12", "Day12\Day12.fsproj", "{6EBFF94E-610C-4CDF-8242-14C64B879318}"
EndProject
Project("{F2A71F9B-5D33-465A-A702-920D77279786}") = "Day23", "Day23\Day23.fsproj", "{6BDD56F1-8246-452B-A503-450DC2D6C600}"
EndProject
Global
	GlobalSection(SolutionConfigurationPlatforms) = preSolution
		Debug|Any CPU = Debug|Any CPU
		Debug|x64 = Debug|x64
		Debug|x86 = Debug|x86
		Release|Any CPU = Release|Any CPU
		Release|x64 = Release|x64
		Release|x86 = Release|x86
	EndGlobalSection
	GlobalSection(SolutionProperties) = preSolution
		HideSolutionNode = FALSE
	EndGlobalSection
	GlobalSection(ProjectConfigurationPlatforms) = postSolution
		{A0295016-6E69-47B0-BEEF-D014D0F46FE0}.Debug|Any CPU.ActiveCfg = Debug|Any CPU
		{A0295016-6E69-47B0-BEEF-D014D0F46FE0}.Debug|Any CPU.Build.0 = Debug|Any CPU
		{A0295016-6E69-47B0-BEEF-D014D0F46FE0}.Debug|x64.ActiveCfg = Debug|Any CPU
		{A0295016-6E69-47B0-BEEF-D014D0F46FE0}.Debug|x64.Build.0 = Debug|Any CPU
		{A0295016-6E69-47B0-BEEF-D014D0F46FE0}.Debug|x86.ActiveCfg = Debug|Any CPU
		{A0295016-6E69-47B0-BEEF-D014D0F46FE0}.Debug|x86.Build.0 = Debug|Any CPU
		{A0295016-6E69-47B0-BEEF-D014D0F46FE0}.Release|Any CPU.ActiveCfg = Release|Any CPU
		{A0295016-6E69-47B0-BEEF-D014D0F46FE0}.Release|Any CPU.Build.0 = Release|Any CPU
		{A0295016-6E69-47B0-BEEF-D014D0F46FE0}.Release|x64.ActiveCfg = Release|Any CPU
		{A0295016-6E69-47B0-BEEF-D014D0F46FE0}.Release|x64.Build.0 = Release|Any CPU
		{A0295016-6E69-47B0-BEEF-D014D0F46FE0}.Release|x86.ActiveCfg = Release|Any CPU
		{A0295016-6E69-47B0-BEEF-D014D0F46FE0}.Release|x86.Build.0 = Release|Any CPU
		{2B28C1D5-A00D-4F85-AD87-8EBE15500BE5}.Debug|Any CPU.ActiveCfg = Debug|Any CPU
		{2B28C1D5-A00D-4F85-AD87-8EBE15500BE5}.Debug|Any CPU.Build.0 = Debug|Any CPU
		{2B28C1D5-A00D-4F85-AD87-8EBE15500BE5}.Debug|x64.ActiveCfg = Debug|Any CPU
		{2B28C1D5-A00D-4F85-AD87-8EBE15500BE5}.Debug|x64.Build.0 = Debug|Any CPU
		{2B28C1D5-A00D-4F85-AD87-8EBE15500BE5}.Debug|x86.ActiveCfg = Debug|Any CPU
		{2B28C1D5-A00D-4F85-AD87-8EBE15500BE5}.Debug|x86.Build.0 = Debug|Any CPU
		{2B28C1D5-A00D-4F85-AD87-8EBE15500BE5}.Release|Any CPU.ActiveCfg = Release|Any CPU
		{2B28C1D5-A00D-4F85-AD87-8EBE15500BE5}.Release|Any CPU.Build.0 = Release|Any CPU
		{2B28C1D5-A00D-4F85-AD87-8EBE15500BE5}.Release|x64.ActiveCfg = Release|Any CPU
		{2B28C1D5-A00D-4F85-AD87-8EBE15500BE5}.Release|x64.Build.0 = Release|Any CPU
		{2B28C1D5-A00D-4F85-AD87-8EBE15500BE5}.Release|x86.ActiveCfg = Release|Any CPU
		{2B28C1D5-A00D-4F85-AD87-8EBE15500BE5}.Release|x86.Build.0 = Release|Any CPU
		{64A3D80B-A7B0-4B21-806A-CE9F0E09BB3E}.Debug|Any CPU.ActiveCfg = Debug|Any CPU
		{64A3D80B-A7B0-4B21-806A-CE9F0E09BB3E}.Debug|Any CPU.Build.0 = Debug|Any CPU
		{64A3D80B-A7B0-4B21-806A-CE9F0E09BB3E}.Debug|x64.ActiveCfg = Debug|Any CPU
		{64A3D80B-A7B0-4B21-806A-CE9F0E09BB3E}.Debug|x64.Build.0 = Debug|Any CPU
		{64A3D80B-A7B0-4B21-806A-CE9F0E09BB3E}.Debug|x86.ActiveCfg = Debug|Any CPU
		{64A3D80B-A7B0-4B21-806A-CE9F0E09BB3E}.Debug|x86.Build.0 = Debug|Any CPU
		{64A3D80B-A7B0-4B21-806A-CE9F0E09BB3E}.Release|Any CPU.ActiveCfg = Release|Any CPU
		{64A3D80B-A7B0-4B21-806A-CE9F0E09BB3E}.Release|Any CPU.Build.0 = Release|Any CPU
		{64A3D80B-A7B0-4B21-806A-CE9F0E09BB3E}.Release|x64.ActiveCfg = Release|Any CPU
		{64A3D80B-A7B0-4B21-806A-CE9F0E09BB3E}.Release|x64.Build.0 = Release|Any CPU
		{64A3D80B-A7B0-4B21-806A-CE9F0E09BB3E}.Release|x86.ActiveCfg = Release|Any CPU
		{64A3D80B-A7B0-4B21-806A-CE9F0E09BB3E}.Release|x86.Build.0 = Release|Any CPU
		{4DD4B42B-C814-4DCA-BFCB-2D28ADBCF05F}.Debug|Any CPU.ActiveCfg = Debug|Any CPU
		{4DD4B42B-C814-4DCA-BFCB-2D28ADBCF05F}.Debug|Any CPU.Build.0 = Debug|Any CPU
		{4DD4B42B-C814-4DCA-BFCB-2D28ADBCF05F}.Debug|x64.ActiveCfg = Debug|Any CPU
		{4DD4B42B-C814-4DCA-BFCB-2D28ADBCF05F}.Debug|x64.Build.0 = Debug|Any CPU
		{4DD4B42B-C814-4DCA-BFCB-2D28ADBCF05F}.Debug|x86.ActiveCfg = Debug|Any CPU
		{4DD4B42B-C814-4DCA-BFCB-2D28ADBCF05F}.Debug|x86.Build.0 = Debug|Any CPU
		{4DD4B42B-C814-4DCA-BFCB-2D28ADBCF05F}.Release|Any CPU.ActiveCfg = Release|Any CPU
		{4DD4B42B-C814-4DCA-BFCB-2D28ADBCF05F}.Release|Any CPU.Build.0 = Release|Any CPU
		{4DD4B42B-C814-4DCA-BFCB-2D28ADBCF05F}.Release|x64.ActiveCfg = Release|Any CPU
		{4DD4B42B-C814-4DCA-BFCB-2D28ADBCF05F}.Release|x64.Build.0 = Release|Any CPU
		{4DD4B42B-C814-4DCA-BFCB-2D28ADBCF05F}.Release|x86.ActiveCfg = Release|Any CPU
		{4DD4B42B-C814-4DCA-BFCB-2D28ADBCF05F}.Release|x86.Build.0 = Release|Any CPU
		{586CA5DC-0809-41AA-A921-7E21EAEE1AAE}.Debug|Any CPU.ActiveCfg = Debug|Any CPU
		{586CA5DC-0809-41AA-A921-7E21EAEE1AAE}.Debug|Any CPU.Build.0 = Debug|Any CPU
		{586CA5DC-0809-41AA-A921-7E21EAEE1AAE}.Debug|x64.ActiveCfg = Debug|Any CPU
		{586CA5DC-0809-41AA-A921-7E21EAEE1AAE}.Debug|x64.Build.0 = Debug|Any CPU
		{586CA5DC-0809-41AA-A921-7E21EAEE1AAE}.Debug|x86.ActiveCfg = Debug|Any CPU
		{586CA5DC-0809-41AA-A921-7E21EAEE1AAE}.Debug|x86.Build.0 = Debug|Any CPU
		{586CA5DC-0809-41AA-A921-7E21EAEE1AAE}.Release|Any CPU.ActiveCfg = Release|Any CPU
		{586CA5DC-0809-41AA-A921-7E21EAEE1AAE}.Release|Any CPU.Build.0 = Release|Any CPU
		{586CA5DC-0809-41AA-A921-7E21EAEE1AAE}.Release|x64.ActiveCfg = Release|Any CPU
		{586CA5DC-0809-41AA-A921-7E21EAEE1AAE}.Release|x64.Build.0 = Release|Any CPU
		{586CA5DC-0809-41AA-A921-7E21EAEE1AAE}.Release|x86.ActiveCfg = Release|Any CPU
		{586CA5DC-0809-41AA-A921-7E21EAEE1AAE}.Release|x86.Build.0 = Release|Any CPU
		{491CA669-18EF-4823-9B6E-AA4FE6B81433}.Debug|Any CPU.ActiveCfg = Debug|Any CPU
		{491CA669-18EF-4823-9B6E-AA4FE6B81433}.Debug|Any CPU.Build.0 = Debug|Any CPU
		{491CA669-18EF-4823-9B6E-AA4FE6B81433}.Debug|x64.ActiveCfg = Debug|Any CPU
		{491CA669-18EF-4823-9B6E-AA4FE6B81433}.Debug|x64.Build.0 = Debug|Any CPU
		{491CA669-18EF-4823-9B6E-AA4FE6B81433}.Debug|x86.ActiveCfg = Debug|Any CPU
		{491CA669-18EF-4823-9B6E-AA4FE6B81433}.Debug|x86.Build.0 = Debug|Any CPU
		{491CA669-18EF-4823-9B6E-AA4FE6B81433}.Release|Any CPU.ActiveCfg = Release|Any CPU
		{491CA669-18EF-4823-9B6E-AA4FE6B81433}.Release|Any CPU.Build.0 = Release|Any CPU
		{491CA669-18EF-4823-9B6E-AA4FE6B81433}.Release|x64.ActiveCfg = Release|Any CPU
		{491CA669-18EF-4823-9B6E-AA4FE6B81433}.Release|x64.Build.0 = Release|Any CPU
		{491CA669-18EF-4823-9B6E-AA4FE6B81433}.Release|x86.ActiveCfg = Release|Any CPU
		{491CA669-18EF-4823-9B6E-AA4FE6B81433}.Release|x86.Build.0 = Release|Any CPU
		{6BE68E36-8337-40BA-878E-672F8929FC03}.Debug|Any CPU.ActiveCfg = Debug|Any CPU
		{6BE68E36-8337-40BA-878E-672F8929FC03}.Debug|Any CPU.Build.0 = Debug|Any CPU
		{6BE68E36-8337-40BA-878E-672F8929FC03}.Debug|x64.ActiveCfg = Debug|Any CPU
		{6BE68E36-8337-40BA-878E-672F8929FC03}.Debug|x64.Build.0 = Debug|Any CPU
		{6BE68E36-8337-40BA-878E-672F8929FC03}.Debug|x86.ActiveCfg = Debug|Any CPU
		{6BE68E36-8337-40BA-878E-672F8929FC03}.Debug|x86.Build.0 = Debug|Any CPU
		{6BE68E36-8337-40BA-878E-672F8929FC03}.Release|Any CPU.ActiveCfg = Release|Any CPU
		{6BE68E36-8337-40BA-878E-672F8929FC03}.Release|Any CPU.Build.0 = Release|Any CPU
		{6BE68E36-8337-40BA-878E-672F8929FC03}.Release|x64.ActiveCfg = Release|Any CPU
		{6BE68E36-8337-40BA-878E-672F8929FC03}.Release|x64.Build.0 = Release|Any CPU
		{6BE68E36-8337-40BA-878E-672F8929FC03}.Release|x86.ActiveCfg = Release|Any CPU
		{6BE68E36-8337-40BA-878E-672F8929FC03}.Release|x86.Build.0 = Release|Any CPU
		{A60061A2-140D-472D-A620-2C03C37D325F}.Debug|Any CPU.ActiveCfg = Debug|Any CPU
		{A60061A2-140D-472D-A620-2C03C37D325F}.Debug|Any CPU.Build.0 = Debug|Any CPU
		{A60061A2-140D-472D-A620-2C03C37D325F}.Debug|x64.ActiveCfg = Debug|Any CPU
		{A60061A2-140D-472D-A620-2C03C37D325F}.Debug|x64.Build.0 = Debug|Any CPU
		{A60061A2-140D-472D-A620-2C03C37D325F}.Debug|x86.ActiveCfg = Debug|Any CPU
		{A60061A2-140D-472D-A620-2C03C37D325F}.Debug|x86.Build.0 = Debug|Any CPU
		{A60061A2-140D-472D-A620-2C03C37D325F}.Release|Any CPU.ActiveCfg = Release|Any CPU
		{A60061A2-140D-472D-A620-2C03C37D325F}.Release|Any CPU.Build.0 = Release|Any CPU
		{A60061A2-140D-472D-A620-2C03C37D325F}.Release|x64.ActiveCfg = Release|Any CPU
		{A60061A2-140D-472D-A620-2C03C37D325F}.Release|x64.Build.0 = Release|Any CPU
		{A60061A2-140D-472D-A620-2C03C37D325F}.Release|x86.ActiveCfg = Release|Any CPU
		{A60061A2-140D-472D-A620-2C03C37D325F}.Release|x86.Build.0 = Release|Any CPU
		{55AEC09D-B59D-4E50-841B-E168B1CEDB8D}.Debug|Any CPU.ActiveCfg = Debug|Any CPU
		{55AEC09D-B59D-4E50-841B-E168B1CEDB8D}.Debug|Any CPU.Build.0 = Debug|Any CPU
		{55AEC09D-B59D-4E50-841B-E168B1CEDB8D}.Debug|x64.ActiveCfg = Debug|Any CPU
		{55AEC09D-B59D-4E50-841B-E168B1CEDB8D}.Debug|x64.Build.0 = Debug|Any CPU
		{55AEC09D-B59D-4E50-841B-E168B1CEDB8D}.Debug|x86.ActiveCfg = Debug|Any CPU
		{55AEC09D-B59D-4E50-841B-E168B1CEDB8D}.Debug|x86.Build.0 = Debug|Any CPU
		{55AEC09D-B59D-4E50-841B-E168B1CEDB8D}.Release|Any CPU.ActiveCfg = Release|Any CPU
		{55AEC09D-B59D-4E50-841B-E168B1CEDB8D}.Release|Any CPU.Build.0 = Release|Any CPU
		{55AEC09D-B59D-4E50-841B-E168B1CEDB8D}.Release|x64.ActiveCfg = Release|Any CPU
		{55AEC09D-B59D-4E50-841B-E168B1CEDB8D}.Release|x64.Build.0 = Release|Any CPU
		{55AEC09D-B59D-4E50-841B-E168B1CEDB8D}.Release|x86.ActiveCfg = Release|Any CPU
		{55AEC09D-B59D-4E50-841B-E168B1CEDB8D}.Release|x86.Build.0 = Release|Any CPU
		{FF9681D1-636B-4D57-9546-DC7017CB2E5F}.Debug|Any CPU.ActiveCfg = Debug|Any CPU
		{FF9681D1-636B-4D57-9546-DC7017CB2E5F}.Debug|Any CPU.Build.0 = Debug|Any CPU
		{FF9681D1-636B-4D57-9546-DC7017CB2E5F}.Debug|x64.ActiveCfg = Debug|Any CPU
		{FF9681D1-636B-4D57-9546-DC7017CB2E5F}.Debug|x64.Build.0 = Debug|Any CPU
		{FF9681D1-636B-4D57-9546-DC7017CB2E5F}.Debug|x86.ActiveCfg = Debug|Any CPU
		{FF9681D1-636B-4D57-9546-DC7017CB2E5F}.Debug|x86.Build.0 = Debug|Any CPU
		{FF9681D1-636B-4D57-9546-DC7017CB2E5F}.Release|Any CPU.ActiveCfg = Release|Any CPU
		{FF9681D1-636B-4D57-9546-DC7017CB2E5F}.Release|Any CPU.Build.0 = Release|Any CPU
		{FF9681D1-636B-4D57-9546-DC7017CB2E5F}.Release|x64.ActiveCfg = Release|Any CPU
		{FF9681D1-636B-4D57-9546-DC7017CB2E5F}.Release|x64.Build.0 = Release|Any CPU
		{FF9681D1-636B-4D57-9546-DC7017CB2E5F}.Release|x86.ActiveCfg = Release|Any CPU
		{FF9681D1-636B-4D57-9546-DC7017CB2E5F}.Release|x86.Build.0 = Release|Any CPU
		{6B5FBE33-8555-41CD-87A0-678DDF5B71E4}.Debug|Any CPU.ActiveCfg = Debug|Any CPU
		{6B5FBE33-8555-41CD-87A0-678DDF5B71E4}.Debug|Any CPU.Build.0 = Debug|Any CPU
		{6B5FBE33-8555-41CD-87A0-678DDF5B71E4}.Debug|x64.ActiveCfg = Debug|Any CPU
		{6B5FBE33-8555-41CD-87A0-678DDF5B71E4}.Debug|x64.Build.0 = Debug|Any CPU
		{6B5FBE33-8555-41CD-87A0-678DDF5B71E4}.Debug|x86.ActiveCfg = Debug|Any CPU
		{6B5FBE33-8555-41CD-87A0-678DDF5B71E4}.Debug|x86.Build.0 = Debug|Any CPU
		{6B5FBE33-8555-41CD-87A0-678DDF5B71E4}.Release|Any CPU.ActiveCfg = Release|Any CPU
		{6B5FBE33-8555-41CD-87A0-678DDF5B71E4}.Release|Any CPU.Build.0 = Release|Any CPU
		{6B5FBE33-8555-41CD-87A0-678DDF5B71E4}.Release|x64.ActiveCfg = Release|Any CPU
		{6B5FBE33-8555-41CD-87A0-678DDF5B71E4}.Release|x64.Build.0 = Release|Any CPU
		{6B5FBE33-8555-41CD-87A0-678DDF5B71E4}.Release|x86.ActiveCfg = Release|Any CPU
		{6B5FBE33-8555-41CD-87A0-678DDF5B71E4}.Release|x86.Build.0 = Release|Any CPU
		{B114284A-C398-43FD-BA38-9C6D368D73A5}.Debug|Any CPU.ActiveCfg = Debug|Any CPU
		{B114284A-C398-43FD-BA38-9C6D368D73A5}.Debug|Any CPU.Build.0 = Debug|Any CPU
		{B114284A-C398-43FD-BA38-9C6D368D73A5}.Debug|x64.ActiveCfg = Debug|Any CPU
		{B114284A-C398-43FD-BA38-9C6D368D73A5}.Debug|x64.Build.0 = Debug|Any CPU
		{B114284A-C398-43FD-BA38-9C6D368D73A5}.Debug|x86.ActiveCfg = Debug|Any CPU
		{B114284A-C398-43FD-BA38-9C6D368D73A5}.Debug|x86.Build.0 = Debug|Any CPU
		{B114284A-C398-43FD-BA38-9C6D368D73A5}.Release|Any CPU.ActiveCfg = Release|Any CPU
		{B114284A-C398-43FD-BA38-9C6D368D73A5}.Release|Any CPU.Build.0 = Release|Any CPU
		{B114284A-C398-43FD-BA38-9C6D368D73A5}.Release|x64.ActiveCfg = Release|Any CPU
		{B114284A-C398-43FD-BA38-9C6D368D73A5}.Release|x64.Build.0 = Release|Any CPU
		{B114284A-C398-43FD-BA38-9C6D368D73A5}.Release|x86.ActiveCfg = Release|Any CPU
		{B114284A-C398-43FD-BA38-9C6D368D73A5}.Release|x86.Build.0 = Release|Any CPU
		{272DE990-30D5-4210-9C7A-F0816480A4A6}.Debug|Any CPU.ActiveCfg = Debug|Any CPU
		{272DE990-30D5-4210-9C7A-F0816480A4A6}.Debug|Any CPU.Build.0 = Debug|Any CPU
		{272DE990-30D5-4210-9C7A-F0816480A4A6}.Debug|x64.ActiveCfg = Debug|Any CPU
		{272DE990-30D5-4210-9C7A-F0816480A4A6}.Debug|x64.Build.0 = Debug|Any CPU
		{272DE990-30D5-4210-9C7A-F0816480A4A6}.Debug|x86.ActiveCfg = Debug|Any CPU
		{272DE990-30D5-4210-9C7A-F0816480A4A6}.Debug|x86.Build.0 = Debug|Any CPU
		{272DE990-30D5-4210-9C7A-F0816480A4A6}.Release|Any CPU.ActiveCfg = Release|Any CPU
		{272DE990-30D5-4210-9C7A-F0816480A4A6}.Release|Any CPU.Build.0 = Release|Any CPU
		{272DE990-30D5-4210-9C7A-F0816480A4A6}.Release|x64.ActiveCfg = Release|Any CPU
		{272DE990-30D5-4210-9C7A-F0816480A4A6}.Release|x64.Build.0 = Release|Any CPU
		{272DE990-30D5-4210-9C7A-F0816480A4A6}.Release|x86.ActiveCfg = Release|Any CPU
		{272DE990-30D5-4210-9C7A-F0816480A4A6}.Release|x86.Build.0 = Release|Any CPU
		{F27606F2-4DD7-4740-A223-904B8405794A}.Debug|Any CPU.ActiveCfg = Debug|Any CPU
		{F27606F2-4DD7-4740-A223-904B8405794A}.Debug|Any CPU.Build.0 = Debug|Any CPU
		{F27606F2-4DD7-4740-A223-904B8405794A}.Debug|x64.ActiveCfg = Debug|Any CPU
		{F27606F2-4DD7-4740-A223-904B8405794A}.Debug|x64.Build.0 = Debug|Any CPU
		{F27606F2-4DD7-4740-A223-904B8405794A}.Debug|x86.ActiveCfg = Debug|Any CPU
		{F27606F2-4DD7-4740-A223-904B8405794A}.Debug|x86.Build.0 = Debug|Any CPU
		{F27606F2-4DD7-4740-A223-904B8405794A}.Release|Any CPU.ActiveCfg = Release|Any CPU
		{F27606F2-4DD7-4740-A223-904B8405794A}.Release|Any CPU.Build.0 = Release|Any CPU
		{F27606F2-4DD7-4740-A223-904B8405794A}.Release|x64.ActiveCfg = Release|Any CPU
		{F27606F2-4DD7-4740-A223-904B8405794A}.Release|x64.Build.0 = Release|Any CPU
		{F27606F2-4DD7-4740-A223-904B8405794A}.Release|x86.ActiveCfg = Release|Any CPU
		{F27606F2-4DD7-4740-A223-904B8405794A}.Release|x86.Build.0 = Release|Any CPU
		{A8ED42EF-38B0-4DFE-80C5-7CF9405C1631}.Debug|Any CPU.ActiveCfg = Debug|Any CPU
		{A8ED42EF-38B0-4DFE-80C5-7CF9405C1631}.Debug|Any CPU.Build.0 = Debug|Any CPU
		{A8ED42EF-38B0-4DFE-80C5-7CF9405C1631}.Debug|x64.ActiveCfg = Debug|Any CPU
		{A8ED42EF-38B0-4DFE-80C5-7CF9405C1631}.Debug|x64.Build.0 = Debug|Any CPU
		{A8ED42EF-38B0-4DFE-80C5-7CF9405C1631}.Debug|x86.ActiveCfg = Debug|Any CPU
		{A8ED42EF-38B0-4DFE-80C5-7CF9405C1631}.Debug|x86.Build.0 = Debug|Any CPU
		{A8ED42EF-38B0-4DFE-80C5-7CF9405C1631}.Release|Any CPU.ActiveCfg = Release|Any CPU
		{A8ED42EF-38B0-4DFE-80C5-7CF9405C1631}.Release|Any CPU.Build.0 = Release|Any CPU
		{A8ED42EF-38B0-4DFE-80C5-7CF9405C1631}.Release|x64.ActiveCfg = Release|Any CPU
		{A8ED42EF-38B0-4DFE-80C5-7CF9405C1631}.Release|x64.Build.0 = Release|Any CPU
		{A8ED42EF-38B0-4DFE-80C5-7CF9405C1631}.Release|x86.ActiveCfg = Release|Any CPU
		{A8ED42EF-38B0-4DFE-80C5-7CF9405C1631}.Release|x86.Build.0 = Release|Any CPU
		{8ACFAB74-6FD4-4D42-AA36-4359C445569A}.Debug|Any CPU.ActiveCfg = Debug|Any CPU
		{8ACFAB74-6FD4-4D42-AA36-4359C445569A}.Debug|Any CPU.Build.0 = Debug|Any CPU
		{8ACFAB74-6FD4-4D42-AA36-4359C445569A}.Debug|x64.ActiveCfg = Debug|Any CPU
		{8ACFAB74-6FD4-4D42-AA36-4359C445569A}.Debug|x64.Build.0 = Debug|Any CPU
		{8ACFAB74-6FD4-4D42-AA36-4359C445569A}.Debug|x86.ActiveCfg = Debug|Any CPU
		{8ACFAB74-6FD4-4D42-AA36-4359C445569A}.Debug|x86.Build.0 = Debug|Any CPU
		{8ACFAB74-6FD4-4D42-AA36-4359C445569A}.Release|Any CPU.ActiveCfg = Release|Any CPU
		{8ACFAB74-6FD4-4D42-AA36-4359C445569A}.Release|Any CPU.Build.0 = Release|Any CPU
		{8ACFAB74-6FD4-4D42-AA36-4359C445569A}.Release|x64.ActiveCfg = Release|Any CPU
		{8ACFAB74-6FD4-4D42-AA36-4359C445569A}.Release|x64.Build.0 = Release|Any CPU
		{8ACFAB74-6FD4-4D42-AA36-4359C445569A}.Release|x86.ActiveCfg = Release|Any CPU
		{8ACFAB74-6FD4-4D42-AA36-4359C445569A}.Release|x86.Build.0 = Release|Any CPU
		{03BA9534-2BFB-4054-AEFF-C445BF083E94}.Debug|Any CPU.ActiveCfg = Debug|Any CPU
		{03BA9534-2BFB-4054-AEFF-C445BF083E94}.Debug|Any CPU.Build.0 = Debug|Any CPU
		{03BA9534-2BFB-4054-AEFF-C445BF083E94}.Debug|x64.ActiveCfg = Debug|Any CPU
		{03BA9534-2BFB-4054-AEFF-C445BF083E94}.Debug|x64.Build.0 = Debug|Any CPU
		{03BA9534-2BFB-4054-AEFF-C445BF083E94}.Debug|x86.ActiveCfg = Debug|Any CPU
		{03BA9534-2BFB-4054-AEFF-C445BF083E94}.Debug|x86.Build.0 = Debug|Any CPU
		{03BA9534-2BFB-4054-AEFF-C445BF083E94}.Release|Any CPU.ActiveCfg = Release|Any CPU
		{03BA9534-2BFB-4054-AEFF-C445BF083E94}.Release|Any CPU.Build.0 = Release|Any CPU
		{03BA9534-2BFB-4054-AEFF-C445BF083E94}.Release|x64.ActiveCfg = Release|Any CPU
		{03BA9534-2BFB-4054-AEFF-C445BF083E94}.Release|x64.Build.0 = Release|Any CPU
		{03BA9534-2BFB-4054-AEFF-C445BF083E94}.Release|x86.ActiveCfg = Release|Any CPU
		{03BA9534-2BFB-4054-AEFF-C445BF083E94}.Release|x86.Build.0 = Release|Any CPU
		{44C3FC05-6119-4CFA-8C85-B9EDD22C823C}.Debug|Any CPU.ActiveCfg = Debug|Any CPU
		{44C3FC05-6119-4CFA-8C85-B9EDD22C823C}.Debug|Any CPU.Build.0 = Debug|Any CPU
		{44C3FC05-6119-4CFA-8C85-B9EDD22C823C}.Debug|x64.ActiveCfg = Debug|Any CPU
		{44C3FC05-6119-4CFA-8C85-B9EDD22C823C}.Debug|x64.Build.0 = Debug|Any CPU
		{44C3FC05-6119-4CFA-8C85-B9EDD22C823C}.Debug|x86.ActiveCfg = Debug|Any CPU
		{44C3FC05-6119-4CFA-8C85-B9EDD22C823C}.Debug|x86.Build.0 = Debug|Any CPU
		{44C3FC05-6119-4CFA-8C85-B9EDD22C823C}.Release|Any CPU.ActiveCfg = Release|Any CPU
		{44C3FC05-6119-4CFA-8C85-B9EDD22C823C}.Release|Any CPU.Build.0 = Release|Any CPU
		{44C3FC05-6119-4CFA-8C85-B9EDD22C823C}.Release|x64.ActiveCfg = Release|Any CPU
		{44C3FC05-6119-4CFA-8C85-B9EDD22C823C}.Release|x64.Build.0 = Release|Any CPU
		{44C3FC05-6119-4CFA-8C85-B9EDD22C823C}.Release|x86.ActiveCfg = Release|Any CPU
		{44C3FC05-6119-4CFA-8C85-B9EDD22C823C}.Release|x86.Build.0 = Release|Any CPU
		{EAE72849-6963-4202-AF1C-815E16E88843}.Debug|Any CPU.ActiveCfg = Debug|Any CPU
		{EAE72849-6963-4202-AF1C-815E16E88843}.Debug|Any CPU.Build.0 = Debug|Any CPU
		{EAE72849-6963-4202-AF1C-815E16E88843}.Debug|x64.ActiveCfg = Debug|Any CPU
		{EAE72849-6963-4202-AF1C-815E16E88843}.Debug|x64.Build.0 = Debug|Any CPU
		{EAE72849-6963-4202-AF1C-815E16E88843}.Debug|x86.ActiveCfg = Debug|Any CPU
		{EAE72849-6963-4202-AF1C-815E16E88843}.Debug|x86.Build.0 = Debug|Any CPU
		{EAE72849-6963-4202-AF1C-815E16E88843}.Release|Any CPU.ActiveCfg = Release|Any CPU
		{EAE72849-6963-4202-AF1C-815E16E88843}.Release|Any CPU.Build.0 = Release|Any CPU
		{EAE72849-6963-4202-AF1C-815E16E88843}.Release|x64.ActiveCfg = Release|Any CPU
		{EAE72849-6963-4202-AF1C-815E16E88843}.Release|x64.Build.0 = Release|Any CPU
		{EAE72849-6963-4202-AF1C-815E16E88843}.Release|x86.ActiveCfg = Release|Any CPU
		{EAE72849-6963-4202-AF1C-815E16E88843}.Release|x86.Build.0 = Release|Any CPU
		{42CF8233-8B6F-4E1F-92EA-B4F48CDAD6BC}.Debug|Any CPU.ActiveCfg = Debug|Any CPU
		{42CF8233-8B6F-4E1F-92EA-B4F48CDAD6BC}.Debug|Any CPU.Build.0 = Debug|Any CPU
		{42CF8233-8B6F-4E1F-92EA-B4F48CDAD6BC}.Debug|x64.ActiveCfg = Debug|Any CPU
		{42CF8233-8B6F-4E1F-92EA-B4F48CDAD6BC}.Debug|x64.Build.0 = Debug|Any CPU
		{42CF8233-8B6F-4E1F-92EA-B4F48CDAD6BC}.Debug|x86.ActiveCfg = Debug|Any CPU
		{42CF8233-8B6F-4E1F-92EA-B4F48CDAD6BC}.Debug|x86.Build.0 = Debug|Any CPU
		{42CF8233-8B6F-4E1F-92EA-B4F48CDAD6BC}.Release|Any CPU.ActiveCfg = Release|Any CPU
		{42CF8233-8B6F-4E1F-92EA-B4F48CDAD6BC}.Release|Any CPU.Build.0 = Release|Any CPU
		{42CF8233-8B6F-4E1F-92EA-B4F48CDAD6BC}.Release|x64.ActiveCfg = Release|Any CPU
		{42CF8233-8B6F-4E1F-92EA-B4F48CDAD6BC}.Release|x64.Build.0 = Release|Any CPU
		{42CF8233-8B6F-4E1F-92EA-B4F48CDAD6BC}.Release|x86.ActiveCfg = Release|Any CPU
		{42CF8233-8B6F-4E1F-92EA-B4F48CDAD6BC}.Release|x86.Build.0 = Release|Any CPU
		{6EBFF94E-610C-4CDF-8242-14C64B879318}.Debug|Any CPU.ActiveCfg = Debug|Any CPU
		{6EBFF94E-610C-4CDF-8242-14C64B879318}.Debug|Any CPU.Build.0 = Debug|Any CPU
		{6EBFF94E-610C-4CDF-8242-14C64B879318}.Debug|x64.ActiveCfg = Debug|Any CPU
		{6EBFF94E-610C-4CDF-8242-14C64B879318}.Debug|x64.Build.0 = Debug|Any CPU
		{6EBFF94E-610C-4CDF-8242-14C64B879318}.Debug|x86.ActiveCfg = Debug|Any CPU
		{6EBFF94E-610C-4CDF-8242-14C64B879318}.Debug|x86.Build.0 = Debug|Any CPU
		{6EBFF94E-610C-4CDF-8242-14C64B879318}.Release|Any CPU.ActiveCfg = Release|Any CPU
		{6EBFF94E-610C-4CDF-8242-14C64B879318}.Release|Any CPU.Build.0 = Release|Any CPU
		{6EBFF94E-610C-4CDF-8242-14C64B879318}.Release|x64.ActiveCfg = Release|Any CPU
		{6EBFF94E-610C-4CDF-8242-14C64B879318}.Release|x64.Build.0 = Release|Any CPU
		{6EBFF94E-610C-4CDF-8242-14C64B879318}.Release|x86.ActiveCfg = Release|Any CPU
		{6EBFF94E-610C-4CDF-8242-14C64B879318}.Release|x86.Build.0 = Release|Any CPU
		{6BDD56F1-8246-452B-A503-450DC2D6C600}.Debug|Any CPU.ActiveCfg = Debug|Any CPU
		{6BDD56F1-8246-452B-A503-450DC2D6C600}.Debug|Any CPU.Build.0 = Debug|Any CPU
		{6BDD56F1-8246-452B-A503-450DC2D6C600}.Debug|x64.ActiveCfg = Debug|Any CPU
		{6BDD56F1-8246-452B-A503-450DC2D6C600}.Debug|x64.Build.0 = Debug|Any CPU
		{6BDD56F1-8246-452B-A503-450DC2D6C600}.Debug|x86.ActiveCfg = Debug|Any CPU
		{6BDD56F1-8246-452B-A503-450DC2D6C600}.Debug|x86.Build.0 = Debug|Any CPU
		{6BDD56F1-8246-452B-A503-450DC2D6C600}.Release|Any CPU.ActiveCfg = Release|Any CPU
		{6BDD56F1-8246-452B-A503-450DC2D6C600}.Release|Any CPU.Build.0 = Release|Any CPU
		{6BDD56F1-8246-452B-A503-450DC2D6C600}.Release|x64.ActiveCfg = Release|Any CPU
		{6BDD56F1-8246-452B-A503-450DC2D6C600}.Release|x64.Build.0 = Release|Any CPU
		{6BDD56F1-8246-452B-A503-450DC2D6C600}.Release|x86.ActiveCfg = Release|Any CPU
		{6BDD56F1-8246-452B-A503-450DC2D6C600}.Release|x86.Build.0 = Release|Any CPU
	EndGlobalSection
EndGlobal
