
Microsoft Visual Studio Solution File, Format Version 12.00
# Visual Studio 15
VisualStudioVersion = 15.0.26124.0
MinimumVisualStudioVersion = 15.0.26124.0
Project("{F2A71F9B-5D33-465A-A702-920D77279786}") = "Day01", "Day01\Day01.fsproj", "{444069E8-788F-4BB4-8719-D081D6BB5492}"
EndProject
Project("{F2A71F9B-5D33-465A-A702-920D77279786}") = "Day02", "Day02\Day02.fsproj", "{B3D0CADE-C92B-46D8-9FDD-14592879A5A2}"
EndProject
Project("{F2A71F9B-5D33-465A-A702-920D77279786}") = "Day03", "Day03\Day03.fsproj", "{10CFB528-6CA7-449D-9254-F380D55AE55D}"
EndProject
Project("{F2A71F9B-5D33-465A-A702-920D77279786}") = "Day04", "Day04\Day04.fsproj", "{722BA1BC-A4CB-4B61-BBD5-264B3E119BEA}"
EndProject
Project("{F2A71F9B-5D33-465A-A702-920D77279786}") = "Day05", "Day05\Day05.fsproj", "{0D0F970E-897E-4B81-928A-8BBE30C80AA7}"
EndProject
Project("{F2A71F9B-5D33-465A-A702-920D77279786}") = "Day06", "Day06\Day06.fsproj", "{B3CEEB93-6917-4456-8B50-1C49682FE7DB}"
EndProject
Project("{F2A71F9B-5D33-465A-A702-920D77279786}") = "Day07", "Day07\Day07.fsproj", "{52617B90-BA78-4A50-8489-299E4CBEB6AE}"
EndProject
Project("{F2A71F9B-5D33-465A-A702-920D77279786}") = "Day08", "Day08\Day08.fsproj", "{B3FD15FB-CB29-473F-B475-A04B69788DF1}"
EndProject
Project("{F2A71F9B-5D33-465A-A702-920D77279786}") = "Day09", "Day09\Day09.fsproj", "{2DAAFF72-A41E-4032-BA27-10F9CDFB0F49}"
EndProject
Project("{F2A71F9B-5D33-465A-A702-920D77279786}") = "Day10", "Day10\Day10.fsproj", "{94EECA8B-96E8-4198-8932-4057E97F87D2}"
EndProject
Project("{F2A71F9B-5D33-465A-A702-920D77279786}") = "Day11", "Day11\Day11.fsproj", "{A1CD5336-7272-4B1A-AD91-551C80E998D8}"
EndProject
Project("{F2A71F9B-5D33-465A-A702-920D77279786}") = "Day12", "Day12\Day12.fsproj", "{AF0A7498-7F43-4CFA-B239-6A11ACC33495}"
EndProject
Project("{F2A71F9B-5D33-465A-A702-920D77279786}") = "Day13", "Day13\Day13.fsproj", "{4780AF47-206E-4E3C-BAA8-6B77AC3E1588}"
EndProject
Project("{F2A71F9B-5D33-465A-A702-920D77279786}") = "Day14", "Day14\Day14.fsproj", "{C29B8BD2-50C7-4ABC-8505-99232C7E5042}"
EndProject
Global
	GlobalSection(SolutionConfigurationPlatforms) = preSolution
		Debug|Any CPU = Debug|Any CPU
		Debug|x64 = Debug|x64
		Debug|x86 = Debug|x86
		Release|Any CPU = Release|Any CPU
		Release|x64 = Release|x64
		Release|x86 = Release|x86
	EndGlobalSection
	GlobalSection(SolutionProperties) = preSolution
		HideSolutionNode = FALSE
	EndGlobalSection
	GlobalSection(ProjectConfigurationPlatforms) = postSolution
		{444069E8-788F-4BB4-8719-D081D6BB5492}.Debug|Any CPU.ActiveCfg = Debug|Any CPU
		{444069E8-788F-4BB4-8719-D081D6BB5492}.Debug|Any CPU.Build.0 = Debug|Any CPU
		{444069E8-788F-4BB4-8719-D081D6BB5492}.Debug|x64.ActiveCfg = Debug|Any CPU
		{444069E8-788F-4BB4-8719-D081D6BB5492}.Debug|x64.Build.0 = Debug|Any CPU
		{444069E8-788F-4BB4-8719-D081D6BB5492}.Debug|x86.ActiveCfg = Debug|Any CPU
		{444069E8-788F-4BB4-8719-D081D6BB5492}.Debug|x86.Build.0 = Debug|Any CPU
		{444069E8-788F-4BB4-8719-D081D6BB5492}.Release|Any CPU.ActiveCfg = Release|Any CPU
		{444069E8-788F-4BB4-8719-D081D6BB5492}.Release|Any CPU.Build.0 = Release|Any CPU
		{444069E8-788F-4BB4-8719-D081D6BB5492}.Release|x64.ActiveCfg = Release|Any CPU
		{444069E8-788F-4BB4-8719-D081D6BB5492}.Release|x64.Build.0 = Release|Any CPU
		{444069E8-788F-4BB4-8719-D081D6BB5492}.Release|x86.ActiveCfg = Release|Any CPU
		{444069E8-788F-4BB4-8719-D081D6BB5492}.Release|x86.Build.0 = Release|Any CPU
		{B3D0CADE-C92B-46D8-9FDD-14592879A5A2}.Debug|Any CPU.ActiveCfg = Debug|Any CPU
		{B3D0CADE-C92B-46D8-9FDD-14592879A5A2}.Debug|Any CPU.Build.0 = Debug|Any CPU
		{B3D0CADE-C92B-46D8-9FDD-14592879A5A2}.Debug|x64.ActiveCfg = Debug|Any CPU
		{B3D0CADE-C92B-46D8-9FDD-14592879A5A2}.Debug|x64.Build.0 = Debug|Any CPU
		{B3D0CADE-C92B-46D8-9FDD-14592879A5A2}.Debug|x86.ActiveCfg = Debug|Any CPU
		{B3D0CADE-C92B-46D8-9FDD-14592879A5A2}.Debug|x86.Build.0 = Debug|Any CPU
		{B3D0CADE-C92B-46D8-9FDD-14592879A5A2}.Release|Any CPU.ActiveCfg = Release|Any CPU
		{B3D0CADE-C92B-46D8-9FDD-14592879A5A2}.Release|Any CPU.Build.0 = Release|Any CPU
		{B3D0CADE-C92B-46D8-9FDD-14592879A5A2}.Release|x64.ActiveCfg = Release|Any CPU
		{B3D0CADE-C92B-46D8-9FDD-14592879A5A2}.Release|x64.Build.0 = Release|Any CPU
		{B3D0CADE-C92B-46D8-9FDD-14592879A5A2}.Release|x86.ActiveCfg = Release|Any CPU
		{B3D0CADE-C92B-46D8-9FDD-14592879A5A2}.Release|x86.Build.0 = Release|Any CPU
		{10CFB528-6CA7-449D-9254-F380D55AE55D}.Debug|Any CPU.ActiveCfg = Debug|Any CPU
		{10CFB528-6CA7-449D-9254-F380D55AE55D}.Debug|Any CPU.Build.0 = Debug|Any CPU
		{10CFB528-6CA7-449D-9254-F380D55AE55D}.Debug|x64.ActiveCfg = Debug|Any CPU
		{10CFB528-6CA7-449D-9254-F380D55AE55D}.Debug|x64.Build.0 = Debug|Any CPU
		{10CFB528-6CA7-449D-9254-F380D55AE55D}.Debug|x86.ActiveCfg = Debug|Any CPU
		{10CFB528-6CA7-449D-9254-F380D55AE55D}.Debug|x86.Build.0 = Debug|Any CPU
		{10CFB528-6CA7-449D-9254-F380D55AE55D}.Release|Any CPU.ActiveCfg = Release|Any CPU
		{10CFB528-6CA7-449D-9254-F380D55AE55D}.Release|Any CPU.Build.0 = Release|Any CPU
		{10CFB528-6CA7-449D-9254-F380D55AE55D}.Release|x64.ActiveCfg = Release|Any CPU
		{10CFB528-6CA7-449D-9254-F380D55AE55D}.Release|x64.Build.0 = Release|Any CPU
		{10CFB528-6CA7-449D-9254-F380D55AE55D}.Release|x86.ActiveCfg = Release|Any CPU
		{10CFB528-6CA7-449D-9254-F380D55AE55D}.Release|x86.Build.0 = Release|Any CPU
		{722BA1BC-A4CB-4B61-BBD5-264B3E119BEA}.Debug|Any CPU.ActiveCfg = Debug|Any CPU
		{722BA1BC-A4CB-4B61-BBD5-264B3E119BEA}.Debug|Any CPU.Build.0 = Debug|Any CPU
		{722BA1BC-A4CB-4B61-BBD5-264B3E119BEA}.Debug|x64.ActiveCfg = Debug|Any CPU
		{722BA1BC-A4CB-4B61-BBD5-264B3E119BEA}.Debug|x64.Build.0 = Debug|Any CPU
		{722BA1BC-A4CB-4B61-BBD5-264B3E119BEA}.Debug|x86.ActiveCfg = Debug|Any CPU
		{722BA1BC-A4CB-4B61-BBD5-264B3E119BEA}.Debug|x86.Build.0 = Debug|Any CPU
		{722BA1BC-A4CB-4B61-BBD5-264B3E119BEA}.Release|Any CPU.ActiveCfg = Release|Any CPU
		{722BA1BC-A4CB-4B61-BBD5-264B3E119BEA}.Release|Any CPU.Build.0 = Release|Any CPU
		{722BA1BC-A4CB-4B61-BBD5-264B3E119BEA}.Release|x64.ActiveCfg = Release|Any CPU
		{722BA1BC-A4CB-4B61-BBD5-264B3E119BEA}.Release|x64.Build.0 = Release|Any CPU
		{722BA1BC-A4CB-4B61-BBD5-264B3E119BEA}.Release|x86.ActiveCfg = Release|Any CPU
		{722BA1BC-A4CB-4B61-BBD5-264B3E119BEA}.Release|x86.Build.0 = Release|Any CPU
		{0D0F970E-897E-4B81-928A-8BBE30C80AA7}.Debug|Any CPU.ActiveCfg = Debug|Any CPU
		{0D0F970E-897E-4B81-928A-8BBE30C80AA7}.Debug|Any CPU.Build.0 = Debug|Any CPU
		{0D0F970E-897E-4B81-928A-8BBE30C80AA7}.Debug|x64.ActiveCfg = Debug|Any CPU
		{0D0F970E-897E-4B81-928A-8BBE30C80AA7}.Debug|x64.Build.0 = Debug|Any CPU
		{0D0F970E-897E-4B81-928A-8BBE30C80AA7}.Debug|x86.ActiveCfg = Debug|Any CPU
		{0D0F970E-897E-4B81-928A-8BBE30C80AA7}.Debug|x86.Build.0 = Debug|Any CPU
		{0D0F970E-897E-4B81-928A-8BBE30C80AA7}.Release|Any CPU.ActiveCfg = Release|Any CPU
		{0D0F970E-897E-4B81-928A-8BBE30C80AA7}.Release|Any CPU.Build.0 = Release|Any CPU
		{0D0F970E-897E-4B81-928A-8BBE30C80AA7}.Release|x64.ActiveCfg = Release|Any CPU
		{0D0F970E-897E-4B81-928A-8BBE30C80AA7}.Release|x64.Build.0 = Release|Any CPU
		{0D0F970E-897E-4B81-928A-8BBE30C80AA7}.Release|x86.ActiveCfg = Release|Any CPU
		{0D0F970E-897E-4B81-928A-8BBE30C80AA7}.Release|x86.Build.0 = Release|Any CPU
		{B3CEEB93-6917-4456-8B50-1C49682FE7DB}.Debug|Any CPU.ActiveCfg = Debug|Any CPU
		{B3CEEB93-6917-4456-8B50-1C49682FE7DB}.Debug|Any CPU.Build.0 = Debug|Any CPU
		{B3CEEB93-6917-4456-8B50-1C49682FE7DB}.Debug|x64.ActiveCfg = Debug|Any CPU
		{B3CEEB93-6917-4456-8B50-1C49682FE7DB}.Debug|x64.Build.0 = Debug|Any CPU
		{B3CEEB93-6917-4456-8B50-1C49682FE7DB}.Debug|x86.ActiveCfg = Debug|Any CPU
		{B3CEEB93-6917-4456-8B50-1C49682FE7DB}.Debug|x86.Build.0 = Debug|Any CPU
		{B3CEEB93-6917-4456-8B50-1C49682FE7DB}.Release|Any CPU.ActiveCfg = Release|Any CPU
		{B3CEEB93-6917-4456-8B50-1C49682FE7DB}.Release|Any CPU.Build.0 = Release|Any CPU
		{B3CEEB93-6917-4456-8B50-1C49682FE7DB}.Release|x64.ActiveCfg = Release|Any CPU
		{B3CEEB93-6917-4456-8B50-1C49682FE7DB}.Release|x64.Build.0 = Release|Any CPU
		{B3CEEB93-6917-4456-8B50-1C49682FE7DB}.Release|x86.ActiveCfg = Release|Any CPU
		{B3CEEB93-6917-4456-8B50-1C49682FE7DB}.Release|x86.Build.0 = Release|Any CPU
		{52617B90-BA78-4A50-8489-299E4CBEB6AE}.Debug|Any CPU.ActiveCfg = Debug|Any CPU
		{52617B90-BA78-4A50-8489-299E4CBEB6AE}.Debug|Any CPU.Build.0 = Debug|Any CPU
		{52617B90-BA78-4A50-8489-299E4CBEB6AE}.Debug|x64.ActiveCfg = Debug|Any CPU
		{52617B90-BA78-4A50-8489-299E4CBEB6AE}.Debug|x64.Build.0 = Debug|Any CPU
		{52617B90-BA78-4A50-8489-299E4CBEB6AE}.Debug|x86.ActiveCfg = Debug|Any CPU
		{52617B90-BA78-4A50-8489-299E4CBEB6AE}.Debug|x86.Build.0 = Debug|Any CPU
		{52617B90-BA78-4A50-8489-299E4CBEB6AE}.Release|Any CPU.ActiveCfg = Release|Any CPU
		{52617B90-BA78-4A50-8489-299E4CBEB6AE}.Release|Any CPU.Build.0 = Release|Any CPU
		{52617B90-BA78-4A50-8489-299E4CBEB6AE}.Release|x64.ActiveCfg = Release|Any CPU
		{52617B90-BA78-4A50-8489-299E4CBEB6AE}.Release|x64.Build.0 = Release|Any CPU
		{52617B90-BA78-4A50-8489-299E4CBEB6AE}.Release|x86.ActiveCfg = Release|Any CPU
		{52617B90-BA78-4A50-8489-299E4CBEB6AE}.Release|x86.Build.0 = Release|Any CPU
		{B3FD15FB-CB29-473F-B475-A04B69788DF1}.Debug|Any CPU.ActiveCfg = Debug|Any CPU
		{B3FD15FB-CB29-473F-B475-A04B69788DF1}.Debug|Any CPU.Build.0 = Debug|Any CPU
		{B3FD15FB-CB29-473F-B475-A04B69788DF1}.Debug|x64.ActiveCfg = Debug|Any CPU
		{B3FD15FB-CB29-473F-B475-A04B69788DF1}.Debug|x64.Build.0 = Debug|Any CPU
		{B3FD15FB-CB29-473F-B475-A04B69788DF1}.Debug|x86.ActiveCfg = Debug|Any CPU
		{B3FD15FB-CB29-473F-B475-A04B69788DF1}.Debug|x86.Build.0 = Debug|Any CPU
		{B3FD15FB-CB29-473F-B475-A04B69788DF1}.Release|Any CPU.ActiveCfg = Release|Any CPU
		{B3FD15FB-CB29-473F-B475-A04B69788DF1}.Release|Any CPU.Build.0 = Release|Any CPU
		{B3FD15FB-CB29-473F-B475-A04B69788DF1}.Release|x64.ActiveCfg = Release|Any CPU
		{B3FD15FB-CB29-473F-B475-A04B69788DF1}.Release|x64.Build.0 = Release|Any CPU
		{B3FD15FB-CB29-473F-B475-A04B69788DF1}.Release|x86.ActiveCfg = Release|Any CPU
		{B3FD15FB-CB29-473F-B475-A04B69788DF1}.Release|x86.Build.0 = Release|Any CPU
		{2DAAFF72-A41E-4032-BA27-10F9CDFB0F49}.Debug|Any CPU.ActiveCfg = Debug|Any CPU
		{2DAAFF72-A41E-4032-BA27-10F9CDFB0F49}.Debug|Any CPU.Build.0 = Debug|Any CPU
		{2DAAFF72-A41E-4032-BA27-10F9CDFB0F49}.Debug|x64.ActiveCfg = Debug|Any CPU
		{2DAAFF72-A41E-4032-BA27-10F9CDFB0F49}.Debug|x64.Build.0 = Debug|Any CPU
		{2DAAFF72-A41E-4032-BA27-10F9CDFB0F49}.Debug|x86.ActiveCfg = Debug|Any CPU
		{2DAAFF72-A41E-4032-BA27-10F9CDFB0F49}.Debug|x86.Build.0 = Debug|Any CPU
		{2DAAFF72-A41E-4032-BA27-10F9CDFB0F49}.Release|Any CPU.ActiveCfg = Release|Any CPU
		{2DAAFF72-A41E-4032-BA27-10F9CDFB0F49}.Release|Any CPU.Build.0 = Release|Any CPU
		{2DAAFF72-A41E-4032-BA27-10F9CDFB0F49}.Release|x64.ActiveCfg = Release|Any CPU
		{2DAAFF72-A41E-4032-BA27-10F9CDFB0F49}.Release|x64.Build.0 = Release|Any CPU
		{2DAAFF72-A41E-4032-BA27-10F9CDFB0F49}.Release|x86.ActiveCfg = Release|Any CPU
		{2DAAFF72-A41E-4032-BA27-10F9CDFB0F49}.Release|x86.Build.0 = Release|Any CPU
		{94EECA8B-96E8-4198-8932-4057E97F87D2}.Debug|Any CPU.ActiveCfg = Debug|Any CPU
		{94EECA8B-96E8-4198-8932-4057E97F87D2}.Debug|Any CPU.Build.0 = Debug|Any CPU
		{94EECA8B-96E8-4198-8932-4057E97F87D2}.Debug|x64.ActiveCfg = Debug|Any CPU
		{94EECA8B-96E8-4198-8932-4057E97F87D2}.Debug|x64.Build.0 = Debug|Any CPU
		{94EECA8B-96E8-4198-8932-4057E97F87D2}.Debug|x86.ActiveCfg = Debug|Any CPU
		{94EECA8B-96E8-4198-8932-4057E97F87D2}.Debug|x86.Build.0 = Debug|Any CPU
		{94EECA8B-96E8-4198-8932-4057E97F87D2}.Release|Any CPU.ActiveCfg = Release|Any CPU
		{94EECA8B-96E8-4198-8932-4057E97F87D2}.Release|Any CPU.Build.0 = Release|Any CPU
		{94EECA8B-96E8-4198-8932-4057E97F87D2}.Release|x64.ActiveCfg = Release|Any CPU
		{94EECA8B-96E8-4198-8932-4057E97F87D2}.Release|x64.Build.0 = Release|Any CPU
		{94EECA8B-96E8-4198-8932-4057E97F87D2}.Release|x86.ActiveCfg = Release|Any CPU
		{94EECA8B-96E8-4198-8932-4057E97F87D2}.Release|x86.Build.0 = Release|Any CPU
		{A1CD5336-7272-4B1A-AD91-551C80E998D8}.Debug|Any CPU.ActiveCfg = Debug|Any CPU
		{A1CD5336-7272-4B1A-AD91-551C80E998D8}.Debug|Any CPU.Build.0 = Debug|Any CPU
		{A1CD5336-7272-4B1A-AD91-551C80E998D8}.Debug|x64.ActiveCfg = Debug|Any CPU
		{A1CD5336-7272-4B1A-AD91-551C80E998D8}.Debug|x64.Build.0 = Debug|Any CPU
		{A1CD5336-7272-4B1A-AD91-551C80E998D8}.Debug|x86.ActiveCfg = Debug|Any CPU
		{A1CD5336-7272-4B1A-AD91-551C80E998D8}.Debug|x86.Build.0 = Debug|Any CPU
		{A1CD5336-7272-4B1A-AD91-551C80E998D8}.Release|Any CPU.ActiveCfg = Release|Any CPU
		{A1CD5336-7272-4B1A-AD91-551C80E998D8}.Release|Any CPU.Build.0 = Release|Any CPU
		{A1CD5336-7272-4B1A-AD91-551C80E998D8}.Release|x64.ActiveCfg = Release|Any CPU
		{A1CD5336-7272-4B1A-AD91-551C80E998D8}.Release|x64.Build.0 = Release|Any CPU
		{A1CD5336-7272-4B1A-AD91-551C80E998D8}.Release|x86.ActiveCfg = Release|Any CPU
		{A1CD5336-7272-4B1A-AD91-551C80E998D8}.Release|x86.Build.0 = Release|Any CPU
		{AF0A7498-7F43-4CFA-B239-6A11ACC33495}.Debug|Any CPU.ActiveCfg = Debug|Any CPU
		{AF0A7498-7F43-4CFA-B239-6A11ACC33495}.Debug|Any CPU.Build.0 = Debug|Any CPU
		{AF0A7498-7F43-4CFA-B239-6A11ACC33495}.Debug|x64.ActiveCfg = Debug|Any CPU
		{AF0A7498-7F43-4CFA-B239-6A11ACC33495}.Debug|x64.Build.0 = Debug|Any CPU
		{AF0A7498-7F43-4CFA-B239-6A11ACC33495}.Debug|x86.ActiveCfg = Debug|Any CPU
		{AF0A7498-7F43-4CFA-B239-6A11ACC33495}.Debug|x86.Build.0 = Debug|Any CPU
		{AF0A7498-7F43-4CFA-B239-6A11ACC33495}.Release|Any CPU.ActiveCfg = Release|Any CPU
		{AF0A7498-7F43-4CFA-B239-6A11ACC33495}.Release|Any CPU.Build.0 = Release|Any CPU
		{AF0A7498-7F43-4CFA-B239-6A11ACC33495}.Release|x64.ActiveCfg = Release|Any CPU
		{AF0A7498-7F43-4CFA-B239-6A11ACC33495}.Release|x64.Build.0 = Release|Any CPU
		{AF0A7498-7F43-4CFA-B239-6A11ACC33495}.Release|x86.ActiveCfg = Release|Any CPU
		{AF0A7498-7F43-4CFA-B239-6A11ACC33495}.Release|x86.Build.0 = Release|Any CPU
		{4780AF47-206E-4E3C-BAA8-6B77AC3E1588}.Debug|Any CPU.ActiveCfg = Debug|Any CPU
		{4780AF47-206E-4E3C-BAA8-6B77AC3E1588}.Debug|Any CPU.Build.0 = Debug|Any CPU
		{4780AF47-206E-4E3C-BAA8-6B77AC3E1588}.Debug|x64.ActiveCfg = Debug|Any CPU
		{4780AF47-206E-4E3C-BAA8-6B77AC3E1588}.Debug|x64.Build.0 = Debug|Any CPU
		{4780AF47-206E-4E3C-BAA8-6B77AC3E1588}.Debug|x86.ActiveCfg = Debug|Any CPU
		{4780AF47-206E-4E3C-BAA8-6B77AC3E1588}.Debug|x86.Build.0 = Debug|Any CPU
		{4780AF47-206E-4E3C-BAA8-6B77AC3E1588}.Release|Any CPU.ActiveCfg = Release|Any CPU
		{4780AF47-206E-4E3C-BAA8-6B77AC3E1588}.Release|Any CPU.Build.0 = Release|Any CPU
		{4780AF47-206E-4E3C-BAA8-6B77AC3E1588}.Release|x64.ActiveCfg = Release|Any CPU
		{4780AF47-206E-4E3C-BAA8-6B77AC3E1588}.Release|x64.Build.0 = Release|Any CPU
		{4780AF47-206E-4E3C-BAA8-6B77AC3E1588}.Release|x86.ActiveCfg = Release|Any CPU
		{4780AF47-206E-4E3C-BAA8-6B77AC3E1588}.Release|x86.Build.0 = Release|Any CPU
		{C29B8BD2-50C7-4ABC-8505-99232C7E5042}.Debug|Any CPU.ActiveCfg = Debug|Any CPU
		{C29B8BD2-50C7-4ABC-8505-99232C7E5042}.Debug|Any CPU.Build.0 = Debug|Any CPU
		{C29B8BD2-50C7-4ABC-8505-99232C7E5042}.Debug|x64.ActiveCfg = Debug|Any CPU
		{C29B8BD2-50C7-4ABC-8505-99232C7E5042}.Debug|x64.Build.0 = Debug|Any CPU
		{C29B8BD2-50C7-4ABC-8505-99232C7E5042}.Debug|x86.ActiveCfg = Debug|Any CPU
		{C29B8BD2-50C7-4ABC-8505-99232C7E5042}.Debug|x86.Build.0 = Debug|Any CPU
		{C29B8BD2-50C7-4ABC-8505-99232C7E5042}.Release|Any CPU.ActiveCfg = Release|Any CPU
		{C29B8BD2-50C7-4ABC-8505-99232C7E5042}.Release|Any CPU.Build.0 = Release|Any CPU
		{C29B8BD2-50C7-4ABC-8505-99232C7E5042}.Release|x64.ActiveCfg = Release|Any CPU
		{C29B8BD2-50C7-4ABC-8505-99232C7E5042}.Release|x64.Build.0 = Release|Any CPU
		{C29B8BD2-50C7-4ABC-8505-99232C7E5042}.Release|x86.ActiveCfg = Release|Any CPU
		{C29B8BD2-50C7-4ABC-8505-99232C7E5042}.Release|x86.Build.0 = Release|Any CPU
	EndGlobalSection
EndGlobal
